// !$*UTF8*$!
{
	archiveVersion = 1;
	classes = {
	};
	objectVersion = 46;
	objects = {

/* Begin PBXBuildFile section */
		0575B990342AE1BAB66C5FFB /* Pods_Flix.framework in Frameworks */ = {isa = PBXBuildFile; fileRef = CAA013DE911B407134E7F637 /* Pods_Flix.framework */; };
		1B2FE237202BBB1F00B6D62C /* PosterCell.swift in Sources */ = {isa = PBXBuildFile; fileRef = 1B2FE236202BBB1F00B6D62C /* PosterCell.swift */; };
		1B2FE239202BBC5800B6D62C /* SuperheroViewController.swift in Sources */ = {isa = PBXBuildFile; fileRef = 1B2FE238202BBC5800B6D62C /* SuperheroViewController.swift */; };
		1B5C6C5A2022783300610B37 /* AppDelegate.swift in Sources */ = {isa = PBXBuildFile; fileRef = 1B5C6C592022783300610B37 /* AppDelegate.swift */; };
		1B5C6C5F2022783300610B37 /* Main.storyboard in Resources */ = {isa = PBXBuildFile; fileRef = 1B5C6C5D2022783300610B37 /* Main.storyboard */; };
		1B5C6C612022783300610B37 /* Assets.xcassets in Resources */ = {isa = PBXBuildFile; fileRef = 1B5C6C602022783300610B37 /* Assets.xcassets */; };
		1B5C6C642022783300610B37 /* LaunchScreen.storyboard in Resources */ = {isa = PBXBuildFile; fileRef = 1B5C6C622022783300610B37 /* LaunchScreen.storyboard */; };
		1B5C6C6F2022783300610B37 /* FlixTests.swift in Sources */ = {isa = PBXBuildFile; fileRef = 1B5C6C6E2022783300610B37 /* FlixTests.swift */; };
		1B5C6C7A2022783300610B37 /* FlixUITests.swift in Sources */ = {isa = PBXBuildFile; fileRef = 1B5C6C792022783300610B37 /* FlixUITests.swift */; };
		1B5C6C8820228C4500610B37 /* NowPlayingViewController.swift in Sources */ = {isa = PBXBuildFile; fileRef = 1B5C6C8720228C4500610B37 /* NowPlayingViewController.swift */; };
		1B7F84FD20291C2300D75785 /* DetailViewController.swift in Sources */ = {isa = PBXBuildFile; fileRef = 1B7F84FC20291C2300D75785 /* DetailViewController.swift */; };
		2BD82CF87DE573A7028C6810 /* Pods_FlixUITests.framework in Frameworks */ = {isa = PBXBuildFile; fileRef = EB05E09BE8EDDAFFB3C28126 /* Pods_FlixUITests.framework */; };
		36ECADE0B3C362D111B35908 /* Pods_FlixTests.framework in Frameworks */ = {isa = PBXBuildFile; fileRef = E9BB0BCE4650C1F86822D413 /* Pods_FlixTests.framework */; };
		890A7302202C001B00E0CA24 /* TrailerViewController.swift in Sources */ = {isa = PBXBuildFile; fileRef = 890A7301202C001B00E0CA24 /* TrailerViewController.swift */; };
		89B4EEC72022CEBE00B13DA4 /* MovieCell.swift in Sources */ = {isa = PBXBuildFile; fileRef = 89B4EEC62022CEBE00B13DA4 /* MovieCell.swift */; };
/* End PBXBuildFile section */

/* Begin PBXContainerItemProxy section */
		1B5C6C6B2022783300610B37 /* PBXContainerItemProxy */ = {
			isa = PBXContainerItemProxy;
			containerPortal = 1B5C6C4E2022783300610B37 /* Project object */;
			proxyType = 1;
			remoteGlobalIDString = 1B5C6C552022783300610B37;
			remoteInfo = Flix;
		};
		1B5C6C762022783300610B37 /* PBXContainerItemProxy */ = {
			isa = PBXContainerItemProxy;
			containerPortal = 1B5C6C4E2022783300610B37 /* Project object */;
			proxyType = 1;
			remoteGlobalIDString = 1B5C6C552022783300610B37;
			remoteInfo = Flix;
		};
/* End PBXContainerItemProxy section */

/* Begin PBXFileReference section */
		05AA856FBE8BBC39ACC287F0 /* Pods-FlixUITests.debug.xcconfig */ = {isa = PBXFileReference; includeInIndex = 1; lastKnownFileType = text.xcconfig; name = "Pods-FlixUITests.debug.xcconfig"; path = "Pods/Target Support Files/Pods-FlixUITests/Pods-FlixUITests.debug.xcconfig"; sourceTree = "<group>"; };
		1B2FE236202BBB1F00B6D62C /* PosterCell.swift */ = {isa = PBXFileReference; fileEncoding = 4; lastKnownFileType = sourcecode.swift; path = PosterCell.swift; sourceTree = "<group>"; };
		1B2FE238202BBC5800B6D62C /* SuperheroViewController.swift */ = {isa = PBXFileReference; fileEncoding = 4; lastKnownFileType = sourcecode.swift; path = SuperheroViewController.swift; sourceTree = "<group>"; };
		1B5C6C562022783300610B37 /* Flix.app */ = {isa = PBXFileReference; explicitFileType = wrapper.application; includeInIndex = 0; path = Flix.app; sourceTree = BUILT_PRODUCTS_DIR; };
		1B5C6C592022783300610B37 /* AppDelegate.swift */ = {isa = PBXFileReference; lastKnownFileType = sourcecode.swift; path = AppDelegate.swift; sourceTree = "<group>"; };
		1B5C6C5E2022783300610B37 /* Base */ = {isa = PBXFileReference; lastKnownFileType = file.storyboard; name = Base; path = Base.lproj/Main.storyboard; sourceTree = "<group>"; };
		1B5C6C602022783300610B37 /* Assets.xcassets */ = {isa = PBXFileReference; lastKnownFileType = folder.assetcatalog; path = Assets.xcassets; sourceTree = "<group>"; };
		1B5C6C632022783300610B37 /* Base */ = {isa = PBXFileReference; lastKnownFileType = file.storyboard; name = Base; path = Base.lproj/LaunchScreen.storyboard; sourceTree = "<group>"; };
		1B5C6C652022783300610B37 /* Info.plist */ = {isa = PBXFileReference; lastKnownFileType = text.plist.xml; path = Info.plist; sourceTree = "<group>"; };
		1B5C6C6A2022783300610B37 /* FlixTests.xctest */ = {isa = PBXFileReference; explicitFileType = wrapper.cfbundle; includeInIndex = 0; path = FlixTests.xctest; sourceTree = BUILT_PRODUCTS_DIR; };
		1B5C6C6E2022783300610B37 /* FlixTests.swift */ = {isa = PBXFileReference; lastKnownFileType = sourcecode.swift; path = FlixTests.swift; sourceTree = "<group>"; };
		1B5C6C702022783300610B37 /* Info.plist */ = {isa = PBXFileReference; lastKnownFileType = text.plist.xml; path = Info.plist; sourceTree = "<group>"; };
		1B5C6C752022783300610B37 /* FlixUITests.xctest */ = {isa = PBXFileReference; explicitFileType = wrapper.cfbundle; includeInIndex = 0; path = FlixUITests.xctest; sourceTree = BUILT_PRODUCTS_DIR; };
		1B5C6C792022783300610B37 /* FlixUITests.swift */ = {isa = PBXFileReference; lastKnownFileType = sourcecode.swift; path = FlixUITests.swift; sourceTree = "<group>"; };
		1B5C6C7B2022783300610B37 /* Info.plist */ = {isa = PBXFileReference; lastKnownFileType = text.plist.xml; path = Info.plist; sourceTree = "<group>"; };
		1B5C6C8720228C4500610B37 /* NowPlayingViewController.swift */ = {isa = PBXFileReference; fileEncoding = 4; lastKnownFileType = sourcecode.swift; path = NowPlayingViewController.swift; sourceTree = "<group>"; };
		1B7F84FC20291C2300D75785 /* DetailViewController.swift */ = {isa = PBXFileReference; fileEncoding = 4; lastKnownFileType = sourcecode.swift; path = DetailViewController.swift; sourceTree = "<group>"; };
		36B8E78BDBD3CFE5CE1B096C /* Pods-FlixUITests.release.xcconfig */ = {isa = PBXFileReference; includeInIndex = 1; lastKnownFileType = text.xcconfig; name = "Pods-FlixUITests.release.xcconfig"; path = "Pods/Target Support Files/Pods-FlixUITests/Pods-FlixUITests.release.xcconfig"; sourceTree = "<group>"; };
		3DAE9F7633C89403B50F326E /* Pods-Flix.debug.xcconfig */ = {isa = PBXFileReference; includeInIndex = 1; lastKnownFileType = text.xcconfig; name = "Pods-Flix.debug.xcconfig"; path = "Pods/Target Support Files/Pods-Flix/Pods-Flix.debug.xcconfig"; sourceTree = "<group>"; };
		890A7301202C001B00E0CA24 /* TrailerViewController.swift */ = {isa = PBXFileReference; fileEncoding = 4; lastKnownFileType = sourcecode.swift; path = TrailerViewController.swift; sourceTree = "<group>"; };
		89B4EEC62022CEBE00B13DA4 /* MovieCell.swift */ = {isa = PBXFileReference; fileEncoding = 4; lastKnownFileType = sourcecode.swift; path = MovieCell.swift; sourceTree = "<group>"; };
		B550544927EA734229ADAC6D /* Pods-FlixTests.debug.xcconfig */ = {isa = PBXFileReference; includeInIndex = 1; lastKnownFileType = text.xcconfig; name = "Pods-FlixTests.debug.xcconfig"; path = "Pods/Target Support Files/Pods-FlixTests/Pods-FlixTests.debug.xcconfig"; sourceTree = "<group>"; };
		BDBF2BB0E010F509E718BAAB /* Pods-FlixTests.release.xcconfig */ = {isa = PBXFileReference; includeInIndex = 1; lastKnownFileType = text.xcconfig; name = "Pods-FlixTests.release.xcconfig"; path = "Pods/Target Support Files/Pods-FlixTests/Pods-FlixTests.release.xcconfig"; sourceTree = "<group>"; };
		CAA013DE911B407134E7F637 /* Pods_Flix.framework */ = {isa = PBXFileReference; explicitFileType = wrapper.framework; includeInIndex = 0; path = Pods_Flix.framework; sourceTree = BUILT_PRODUCTS_DIR; };
		D91AE723B1228F86D857D9B7 /* Pods-Flix.release.xcconfig */ = {isa = PBXFileReference; includeInIndex = 1; lastKnownFileType = text.xcconfig; name = "Pods-Flix.release.xcconfig"; path = "Pods/Target Support Files/Pods-Flix/Pods-Flix.release.xcconfig"; sourceTree = "<group>"; };
		E9BB0BCE4650C1F86822D413 /* Pods_FlixTests.framework */ = {isa = PBXFileReference; explicitFileType = wrapper.framework; includeInIndex = 0; path = Pods_FlixTests.framework; sourceTree = BUILT_PRODUCTS_DIR; };
		EB05E09BE8EDDAFFB3C28126 /* Pods_FlixUITests.framework */ = {isa = PBXFileReference; explicitFileType = wrapper.framework; includeInIndex = 0; path = Pods_FlixUITests.framework; sourceTree = BUILT_PRODUCTS_DIR; };
/* End PBXFileReference section */

/* Begin PBXFrameworksBuildPhase section */
		1B5C6C532022783300610B37 /* Frameworks */ = {
			isa = PBXFrameworksBuildPhase;
			buildActionMask = 2147483647;
			files = (
				0575B990342AE1BAB66C5FFB /* Pods_Flix.framework in Frameworks */,
			);
			runOnlyForDeploymentPostprocessing = 0;
		};
		1B5C6C672022783300610B37 /* Frameworks */ = {
			isa = PBXFrameworksBuildPhase;
			buildActionMask = 2147483647;
			files = (
				36ECADE0B3C362D111B35908 /* Pods_FlixTests.framework in Frameworks */,
			);
			runOnlyForDeploymentPostprocessing = 0;
		};
		1B5C6C722022783300610B37 /* Frameworks */ = {
			isa = PBXFrameworksBuildPhase;
			buildActionMask = 2147483647;
			files = (
				2BD82CF87DE573A7028C6810 /* Pods_FlixUITests.framework in Frameworks */,
			);
			runOnlyForDeploymentPostprocessing = 0;
		};
/* End PBXFrameworksBuildPhase section */

/* Begin PBXGroup section */
		1B5C6C4D2022783300610B37 = {
			isa = PBXGroup;
			children = (
				1B5C6C582022783300610B37 /* Flix */,
				1B5C6C6D2022783300610B37 /* FlixTests */,
				1B5C6C782022783300610B37 /* FlixUITests */,
				1B5C6C572022783300610B37 /* Products */,
				EEFC732C7575AE4D8BDFEE50 /* Pods */,
				D3AFDD8B9C5C991E5628674B /* Frameworks */,
			);
			sourceTree = "<group>";
		};
		1B5C6C572022783300610B37 /* Products */ = {
			isa = PBXGroup;
			children = (
				1B5C6C562022783300610B37 /* Flix.app */,
				1B5C6C6A2022783300610B37 /* FlixTests.xctest */,
				1B5C6C752022783300610B37 /* FlixUITests.xctest */,
			);
			name = Products;
			sourceTree = "<group>";
		};
		1B5C6C582022783300610B37 /* Flix */ = {
			isa = PBXGroup;
			children = (
				1B7F84F7202919AF00D75785 /* Views */,
				1B7F84F62029196700D75785 /* ViewControllers */,
				1B5C6C592022783300610B37 /* AppDelegate.swift */,
				1B5C6C5D2022783300610B37 /* Main.storyboard */,
				1B5C6C602022783300610B37 /* Assets.xcassets */,
				1B5C6C622022783300610B37 /* LaunchScreen.storyboard */,
				1B5C6C652022783300610B37 /* Info.plist */,
			);
			path = Flix;
			sourceTree = "<group>";
		};
		1B5C6C6D2022783300610B37 /* FlixTests */ = {
			isa = PBXGroup;
			children = (
				1B5C6C6E2022783300610B37 /* FlixTests.swift */,
				1B5C6C702022783300610B37 /* Info.plist */,
			);
			path = FlixTests;
			sourceTree = "<group>";
		};
		1B5C6C782022783300610B37 /* FlixUITests */ = {
			isa = PBXGroup;
			children = (
				1B5C6C792022783300610B37 /* FlixUITests.swift */,
				1B5C6C7B2022783300610B37 /* Info.plist */,
			);
			path = FlixUITests;
			sourceTree = "<group>";
		};
		1B7F84F62029196700D75785 /* ViewControllers */ = {
			isa = PBXGroup;
			children = (
				890A7301202C001B00E0CA24 /* TrailerViewController.swift */,
				1B5C6C8720228C4500610B37 /* NowPlayingViewController.swift */,
				1B7F84FC20291C2300D75785 /* DetailViewController.swift */,
				1B2FE238202BBC5800B6D62C /* SuperheroViewController.swift */,
			);
			name = ViewControllers;
			sourceTree = "<group>";
		};
		1B7F84F7202919AF00D75785 /* Views */ = {
			isa = PBXGroup;
			children = (
				89B4EEC62022CEBE00B13DA4 /* MovieCell.swift */,
				1B2FE236202BBB1F00B6D62C /* PosterCell.swift */,
			);
			name = Views;
			sourceTree = "<group>";
		};
		D3AFDD8B9C5C991E5628674B /* Frameworks */ = {
			isa = PBXGroup;
			children = (
				CAA013DE911B407134E7F637 /* Pods_Flix.framework */,
				E9BB0BCE4650C1F86822D413 /* Pods_FlixTests.framework */,
				EB05E09BE8EDDAFFB3C28126 /* Pods_FlixUITests.framework */,
			);
			name = Frameworks;
			sourceTree = "<group>";
		};
		EEFC732C7575AE4D8BDFEE50 /* Pods */ = {
			isa = PBXGroup;
			children = (
				3DAE9F7633C89403B50F326E /* Pods-Flix.debug.xcconfig */,
				D91AE723B1228F86D857D9B7 /* Pods-Flix.release.xcconfig */,
				B550544927EA734229ADAC6D /* Pods-FlixTests.debug.xcconfig */,
				BDBF2BB0E010F509E718BAAB /* Pods-FlixTests.release.xcconfig */,
				05AA856FBE8BBC39ACC287F0 /* Pods-FlixUITests.debug.xcconfig */,
				36B8E78BDBD3CFE5CE1B096C /* Pods-FlixUITests.release.xcconfig */,
			);
			name = Pods;
			sourceTree = "<group>";
		};
/* End PBXGroup section */

/* Begin PBXNativeTarget section */
		1B5C6C552022783300610B37 /* Flix */ = {
			isa = PBXNativeTarget;
			buildConfigurationList = 1B5C6C7E2022783300610B37 /* Build configuration list for PBXNativeTarget "Flix" */;
			buildPhases = (
				03D42756662CBB55C94C96BB /* [CP] Check Pods Manifest.lock */,
				1B5C6C522022783300610B37 /* Sources */,
				1B5C6C532022783300610B37 /* Frameworks */,
				1B5C6C542022783300610B37 /* Resources */,
				AE72FBD75C42C19EA8474BA6 /* [CP] Embed Pods Frameworks */,
				C8D97A427C2AD1CBF68CB2AF /* [CP] Copy Pods Resources */,
			);
			buildRules = (
			);
			dependencies = (
			);
			name = Flix;
			productName = Flix;
			productReference = 1B5C6C562022783300610B37 /* Flix.app */;
			productType = "com.apple.product-type.application";
		};
		1B5C6C692022783300610B37 /* FlixTests */ = {
			isa = PBXNativeTarget;
			buildConfigurationList = 1B5C6C812022783300610B37 /* Build configuration list for PBXNativeTarget "FlixTests" */;
			buildPhases = (
				19FC2B6BE07912165749DBD9 /* [CP] Check Pods Manifest.lock */,
				1B5C6C662022783300610B37 /* Sources */,
				1B5C6C672022783300610B37 /* Frameworks */,
				1B5C6C682022783300610B37 /* Resources */,
				9894DD5BA45985F7930F4517 /* [CP] Embed Pods Frameworks */,
				ABA686CF0310E57FC787AE07 /* [CP] Copy Pods Resources */,
			);
			buildRules = (
			);
			dependencies = (
				1B5C6C6C2022783300610B37 /* PBXTargetDependency */,
			);
			name = FlixTests;
			productName = FlixTests;
			productReference = 1B5C6C6A2022783300610B37 /* FlixTests.xctest */;
			productType = "com.apple.product-type.bundle.unit-test";
		};
		1B5C6C742022783300610B37 /* FlixUITests */ = {
			isa = PBXNativeTarget;
			buildConfigurationList = 1B5C6C842022783300610B37 /* Build configuration list for PBXNativeTarget "FlixUITests" */;
			buildPhases = (
				FD50E686A999E0C58194F136 /* [CP] Check Pods Manifest.lock */,
				1B5C6C712022783300610B37 /* Sources */,
				1B5C6C722022783300610B37 /* Frameworks */,
				1B5C6C732022783300610B37 /* Resources */,
				D6C7F3B90B4488CD67C66B82 /* [CP] Embed Pods Frameworks */,
				62187157DC3D4CED41BCE823 /* [CP] Copy Pods Resources */,
			);
			buildRules = (
			);
			dependencies = (
				1B5C6C772022783300610B37 /* PBXTargetDependency */,
			);
			name = FlixUITests;
			productName = FlixUITests;
			productReference = 1B5C6C752022783300610B37 /* FlixUITests.xctest */;
			productType = "com.apple.product-type.bundle.ui-testing";
		};
/* End PBXNativeTarget section */

/* Begin PBXProject section */
		1B5C6C4E2022783300610B37 /* Project object */ = {
			isa = PBXProject;
			attributes = {
				LastSwiftUpdateCheck = 0830;
				LastUpgradeCheck = 0830;
				ORGANIZATIONNAME = "Mario Martinez";
				TargetAttributes = {
					1B5C6C552022783300610B37 = {
						CreatedOnToolsVersion = 8.3.3;
						ProvisioningStyle = Automatic;
					};
					1B5C6C692022783300610B37 = {
						CreatedOnToolsVersion = 8.3.3;
						ProvisioningStyle = Automatic;
						TestTargetID = 1B5C6C552022783300610B37;
					};
					1B5C6C742022783300610B37 = {
						CreatedOnToolsVersion = 8.3.3;
						ProvisioningStyle = Automatic;
						TestTargetID = 1B5C6C552022783300610B37;
					};
				};
			};
			buildConfigurationList = 1B5C6C512022783300610B37 /* Build configuration list for PBXProject "Flix" */;
			compatibilityVersion = "Xcode 3.2";
			developmentRegion = English;
			hasScannedForEncodings = 0;
			knownRegions = (
				en,
				Base,
			);
			mainGroup = 1B5C6C4D2022783300610B37;
			productRefGroup = 1B5C6C572022783300610B37 /* Products */;
			projectDirPath = "";
			projectRoot = "";
			targets = (
				1B5C6C552022783300610B37 /* Flix */,
				1B5C6C692022783300610B37 /* FlixTests */,
				1B5C6C742022783300610B37 /* FlixUITests */,
			);
		};
/* End PBXProject section */

/* Begin PBXResourcesBuildPhase section */
		1B5C6C542022783300610B37 /* Resources */ = {
			isa = PBXResourcesBuildPhase;
			buildActionMask = 2147483647;
			files = (
				1B5C6C642022783300610B37 /* LaunchScreen.storyboard in Resources */,
				1B5C6C612022783300610B37 /* Assets.xcassets in Resources */,
				1B5C6C5F2022783300610B37 /* Main.storyboard in Resources */,
			);
			runOnlyForDeploymentPostprocessing = 0;
		};
		1B5C6C682022783300610B37 /* Resources */ = {
			isa = PBXResourcesBuildPhase;
			buildActionMask = 2147483647;
			files = (
			);
			runOnlyForDeploymentPostprocessing = 0;
		};
		1B5C6C732022783300610B37 /* Resources */ = {
			isa = PBXResourcesBuildPhase;
			buildActionMask = 2147483647;
			files = (
			);
			runOnlyForDeploymentPostprocessing = 0;
		};
/* End PBXResourcesBuildPhase section */

/* Begin PBXShellScriptBuildPhase section */
		03D42756662CBB55C94C96BB /* [CP] Check Pods Manifest.lock */ = {
			isa = PBXShellScriptBuildPhase;
			buildActionMask = 2147483647;
			files = (
			);
			inputPaths = (
				"${PODS_PODFILE_DIR_PATH}/Podfile.lock",
				"${PODS_ROOT}/Manifest.lock",
			);
			name = "[CP] Check Pods Manifest.lock";
			outputPaths = (
				"$(DERIVED_FILE_DIR)/Pods-Flix-checkManifestLockResult.txt",
			);
			runOnlyForDeploymentPostprocessing = 0;
			shellPath = /bin/sh;
			shellScript = "diff \"${PODS_PODFILE_DIR_PATH}/Podfile.lock\" \"${PODS_ROOT}/Manifest.lock\" > /dev/null\nif [ $? != 0 ] ; then\n    # print error to STDERR\n    echo \"error: The sandbox is not in sync with the Podfile.lock. Run 'pod install' or update your CocoaPods installation.\" >&2\n    exit 1\nfi\n# This output is used by Xcode 'outputs' to avoid re-running this script phase.\necho \"SUCCESS\" > \"${SCRIPT_OUTPUT_FILE_0}\"\n";
			showEnvVarsInLog = 0;
		};
		19FC2B6BE07912165749DBD9 /* [CP] Check Pods Manifest.lock */ = {
			isa = PBXShellScriptBuildPhase;
			buildActionMask = 2147483647;
			files = (
			);
			inputPaths = (
				"${PODS_PODFILE_DIR_PATH}/Podfile.lock",
				"${PODS_ROOT}/Manifest.lock",
			);
			name = "[CP] Check Pods Manifest.lock";
			outputPaths = (
				"$(DERIVED_FILE_DIR)/Pods-FlixTests-checkManifestLockResult.txt",
			);
			runOnlyForDeploymentPostprocessing = 0;
			shellPath = /bin/sh;
			shellScript = "diff \"${PODS_PODFILE_DIR_PATH}/Podfile.lock\" \"${PODS_ROOT}/Manifest.lock\" > /dev/null\nif [ $? != 0 ] ; then\n    # print error to STDERR\n    echo \"error: The sandbox is not in sync with the Podfile.lock. Run 'pod install' or update your CocoaPods installation.\" >&2\n    exit 1\nfi\n# This output is used by Xcode 'outputs' to avoid re-running this script phase.\necho \"SUCCESS\" > \"${SCRIPT_OUTPUT_FILE_0}\"\n";
			showEnvVarsInLog = 0;
		};
		62187157DC3D4CED41BCE823 /* [CP] Copy Pods Resources */ = {
			isa = PBXShellScriptBuildPhase;
			buildActionMask = 2147483647;
			files = (
			);
			inputPaths = (
			);
			name = "[CP] Copy Pods Resources";
			outputPaths = (
			);
			runOnlyForDeploymentPostprocessing = 0;
			shellPath = /bin/sh;
			shellScript = "\"${SRCROOT}/Pods/Target Support Files/Pods-FlixUITests/Pods-FlixUITests-resources.sh\"\n";
			showEnvVarsInLog = 0;
		};
		9894DD5BA45985F7930F4517 /* [CP] Embed Pods Frameworks */ = {
			isa = PBXShellScriptBuildPhase;
			buildActionMask = 2147483647;
			files = (
			);
			inputPaths = (
			);
			name = "[CP] Embed Pods Frameworks";
			outputPaths = (
			);
			runOnlyForDeploymentPostprocessing = 0;
			shellPath = /bin/sh;
			shellScript = "\"${SRCROOT}/Pods/Target Support Files/Pods-FlixTests/Pods-FlixTests-frameworks.sh\"\n";
			showEnvVarsInLog = 0;
		};
		ABA686CF0310E57FC787AE07 /* [CP] Copy Pods Resources */ = {
			isa = PBXShellScriptBuildPhase;
			buildActionMask = 2147483647;
			files = (
			);
			inputPaths = (
			);
			name = "[CP] Copy Pods Resources";
			outputPaths = (
			);
			runOnlyForDeploymentPostprocessing = 0;
			shellPath = /bin/sh;
			shellScript = "\"${SRCROOT}/Pods/Target Support Files/Pods-FlixTests/Pods-FlixTests-resources.sh\"\n";
			showEnvVarsInLog = 0;
		};
		AE72FBD75C42C19EA8474BA6 /* [CP] Embed Pods Frameworks */ = {
			isa = PBXShellScriptBuildPhase;
			buildActionMask = 2147483647;
			files = (
			);
			inputPaths = (
				"${SRCROOT}/Pods/Target Support Files/Pods-Flix/Pods-Flix-frameworks.sh",
				"${BUILT_PRODUCTS_DIR}/Alamofire/Alamofire.framework",
				"${BUILT_PRODUCTS_DIR}/AlamofireImage/AlamofireImage.framework",
			);
			name = "[CP] Embed Pods Frameworks";
			outputPaths = (
				"${TARGET_BUILD_DIR}/${FRAMEWORKS_FOLDER_PATH}/Alamofire.framework",
				"${TARGET_BUILD_DIR}/${FRAMEWORKS_FOLDER_PATH}/AlamofireImage.framework",
			);
			runOnlyForDeploymentPostprocessing = 0;
			shellPath = /bin/sh;
			shellScript = "\"${SRCROOT}/Pods/Target Support Files/Pods-Flix/Pods-Flix-frameworks.sh\"\n";
			showEnvVarsInLog = 0;
		};
		C8D97A427C2AD1CBF68CB2AF /* [CP] Copy Pods Resources */ = {
			isa = PBXShellScriptBuildPhase;
			buildActionMask = 2147483647;
			files = (
			);
			inputPaths = (
			);
			name = "[CP] Copy Pods Resources";
			outputPaths = (
			);
			runOnlyForDeploymentPostprocessing = 0;
			shellPath = /bin/sh;
			shellScript = "\"${SRCROOT}/Pods/Target Support Files/Pods-Flix/Pods-Flix-resources.sh\"\n";
			showEnvVarsInLog = 0;
		};
		D6C7F3B90B4488CD67C66B82 /* [CP] Embed Pods Frameworks */ = {
			isa = PBXShellScriptBuildPhase;
			buildActionMask = 2147483647;
			files = (
			);
			inputPaths = (
			);
			name = "[CP] Embed Pods Frameworks";
			outputPaths = (
			);
			runOnlyForDeploymentPostprocessing = 0;
			shellPath = /bin/sh;
			shellScript = "\"${SRCROOT}/Pods/Target Support Files/Pods-FlixUITests/Pods-FlixUITests-frameworks.sh\"\n";
			showEnvVarsInLog = 0;
		};
		FD50E686A999E0C58194F136 /* [CP] Check Pods Manifest.lock */ = {
			isa = PBXShellScriptBuildPhase;
			buildActionMask = 2147483647;
			files = (
			);
			inputPaths = (
				"${PODS_PODFILE_DIR_PATH}/Podfile.lock",
				"${PODS_ROOT}/Manifest.lock",
			);
			name = "[CP] Check Pods Manifest.lock";
			outputPaths = (
				"$(DERIVED_FILE_DIR)/Pods-FlixUITests-checkManifestLockResult.txt",
			);
			runOnlyForDeploymentPostprocessing = 0;
			shellPath = /bin/sh;
			shellScript = "diff \"${PODS_PODFILE_DIR_PATH}/Podfile.lock\" \"${PODS_ROOT}/Manifest.lock\" > /dev/null\nif [ $? != 0 ] ; then\n    # print error to STDERR\n    echo \"error: The sandbox is not in sync with the Podfile.lock. Run 'pod install' or update your CocoaPods installation.\" >&2\n    exit 1\nfi\n# This output is used by Xcode 'outputs' to avoid re-running this script phase.\necho \"SUCCESS\" > \"${SCRIPT_OUTPUT_FILE_0}\"\n";
			showEnvVarsInLog = 0;
		};
/* End PBXShellScriptBuildPhase section */

/* Begin PBXSourcesBuildPhase section */
		1B5C6C522022783300610B37 /* Sources */ = {
			isa = PBXSourcesBuildPhase;
			buildActionMask = 2147483647;
			files = (
				1B5C6C8820228C4500610B37 /* NowPlayingViewController.swift in Sources */,
				1B2FE237202BBB1F00B6D62C /* PosterCell.swift in Sources */,
				890A7302202C001B00E0CA24 /* TrailerViewController.swift in Sources */,
				1B2FE239202BBC5800B6D62C /* SuperheroViewController.swift in Sources */,
				1B5C6C5A2022783300610B37 /* AppDelegate.swift in Sources */,
				89B4EEC72022CEBE00B13DA4 /* MovieCell.swift in Sources */,
				1B7F84FD20291C2300D75785 /* DetailViewController.swift in Sources */,
			);
			runOnlyForDeploymentPostprocessing = 0;
		};
		1B5C6C662022783300610B37 /* Sources */ = {
			isa = PBXSourcesBuildPhase;
			buildActionMask = 2147483647;
			files = (
				1B5C6C6F2022783300610B37 /* FlixTests.swift in Sources */,
			);
			runOnlyForDeploymentPostprocessing = 0;
		};
		1B5C6C712022783300610B37 /* Sources */ = {
			isa = PBXSourcesBuildPhase;
			buildActionMask = 2147483647;
			files = (
				1B5C6C7A2022783300610B37 /* FlixUITests.swift in Sources */,
			);
			runOnlyForDeploymentPostprocessing = 0;
		};
/* End PBXSourcesBuildPhase section */

/* Begin PBXTargetDependency section */
		1B5C6C6C2022783300610B37 /* PBXTargetDependency */ = {
			isa = PBXTargetDependency;
			target = 1B5C6C552022783300610B37 /* Flix */;
			targetProxy = 1B5C6C6B2022783300610B37 /* PBXContainerItemProxy */;
		};
		1B5C6C772022783300610B37 /* PBXTargetDependency */ = {
			isa = PBXTargetDependency;
			target = 1B5C6C552022783300610B37 /* Flix */;
			targetProxy = 1B5C6C762022783300610B37 /* PBXContainerItemProxy */;
		};
/* End PBXTargetDependency section */

/* Begin PBXVariantGroup section */
		1B5C6C5D2022783300610B37 /* Main.storyboard */ = {
			isa = PBXVariantGroup;
			children = (
				1B5C6C5E2022783300610B37 /* Base */,
			);
			name = Main.storyboard;
			sourceTree = "<group>";
		};
		1B5C6C622022783300610B37 /* LaunchScreen.storyboard */ = {
			isa = PBXVariantGroup;
			children = (
				1B5C6C632022783300610B37 /* Base */,
			);
			name = LaunchScreen.storyboard;
			sourceTree = "<group>";
		};
/* End PBXVariantGroup section */

/* Begin XCBuildConfiguration section */
		1B5C6C7C2022783300610B37 /* Debug */ = {
			isa = XCBuildConfiguration;
			buildSettings = {
				ALWAYS_SEARCH_USER_PATHS = NO;
				CLANG_ANALYZER_NONNULL = YES;
				CLANG_ANALYZER_NUMBER_OBJECT_CONVERSION = YES_AGGRESSIVE;
				CLANG_CXX_LANGUAGE_STANDARD = "gnu++0x";
				CLANG_CXX_LIBRARY = "libc++";
				CLANG_ENABLE_MODULES = YES;
				CLANG_ENABLE_OBJC_ARC = YES;
				CLANG_WARN_BOOL_CONVERSION = YES;
				CLANG_WARN_CONSTANT_CONVERSION = YES;
				CLANG_WARN_DIRECT_OBJC_ISA_USAGE = YES_ERROR;
				CLANG_WARN_DOCUMENTATION_COMMENTS = YES;
				CLANG_WARN_EMPTY_BODY = YES;
				CLANG_WARN_ENUM_CONVERSION = YES;
				CLANG_WARN_INFINITE_RECURSION = YES;
				CLANG_WARN_INT_CONVERSION = YES;
				CLANG_WARN_OBJC_ROOT_CLASS = YES_ERROR;
				CLANG_WARN_SUSPICIOUS_MOVE = YES;
				CLANG_WARN_UNREACHABLE_CODE = YES;
				CLANG_WARN__DUPLICATE_METHOD_MATCH = YES;
				"CODE_SIGN_IDENTITY[sdk=iphoneos*]" = "iPhone Developer";
				COPY_PHASE_STRIP = NO;
				DEBUG_INFORMATION_FORMAT = dwarf;
				ENABLE_STRICT_OBJC_MSGSEND = YES;
				ENABLE_TESTABILITY = YES;
				GCC_C_LANGUAGE_STANDARD = gnu99;
				GCC_DYNAMIC_NO_PIC = NO;
				GCC_NO_COMMON_BLOCKS = YES;
				GCC_OPTIMIZATION_LEVEL = 0;
				GCC_PREPROCESSOR_DEFINITIONS = (
					"DEBUG=1",
					"$(inherited)",
				);
				GCC_WARN_64_TO_32_BIT_CONVERSION = YES;
				GCC_WARN_ABOUT_RETURN_TYPE = YES_ERROR;
				GCC_WARN_UNDECLARED_SELECTOR = YES;
				GCC_WARN_UNINITIALIZED_AUTOS = YES_AGGRESSIVE;
				GCC_WARN_UNUSED_FUNCTION = YES;
				GCC_WARN_UNUSED_VARIABLE = YES;
				IPHONEOS_DEPLOYMENT_TARGET = 10.3;
				MTL_ENABLE_DEBUG_INFO = YES;
				ONLY_ACTIVE_ARCH = YES;
				SDKROOT = iphoneos;
				SWIFT_ACTIVE_COMPILATION_CONDITIONS = DEBUG;
				SWIFT_OPTIMIZATION_LEVEL = "-Onone";
			};
			name = Debug;
		};
		1B5C6C7D2022783300610B37 /* Release */ = {
			isa = XCBuildConfiguration;
			buildSettings = {
				ALWAYS_SEARCH_USER_PATHS = NO;
				CLANG_ANALYZER_NONNULL = YES;
				CLANG_ANALYZER_NUMBER_OBJECT_CONVERSION = YES_AGGRESSIVE;
				CLANG_CXX_LANGUAGE_STANDARD = "gnu++0x";
				CLANG_CXX_LIBRARY = "libc++";
				CLANG_ENABLE_MODULES = YES;
				CLANG_ENABLE_OBJC_ARC = YES;
				CLANG_WARN_BOOL_CONVERSION = YES;
				CLANG_WARN_CONSTANT_CONVERSION = YES;
				CLANG_WARN_DIRECT_OBJC_ISA_USAGE = YES_ERROR;
				CLANG_WARN_DOCUMENTATION_COMMENTS = YES;
				CLANG_WARN_EMPTY_BODY = YES;
				CLANG_WARN_ENUM_CONVERSION = YES;
				CLANG_WARN_INFINITE_RECURSION = YES;
				CLANG_WARN_INT_CONVERSION = YES;
				CLANG_WARN_OBJC_ROOT_CLASS = YES_ERROR;
				CLANG_WARN_SUSPICIOUS_MOVE = YES;
				CLANG_WARN_UNREACHABLE_CODE = YES;
				CLANG_WARN__DUPLICATE_METHOD_MATCH = YES;
				"CODE_SIGN_IDENTITY[sdk=iphoneos*]" = "iPhone Developer";
				COPY_PHASE_STRIP = NO;
				DEBUG_INFORMATION_FORMAT = "dwarf-with-dsym";
				ENABLE_NS_ASSERTIONS = NO;
				ENABLE_STRICT_OBJC_MSGSEND = YES;
				GCC_C_LANGUAGE_STANDARD = gnu99;
				GCC_NO_COMMON_BLOCKS = YES;
				GCC_WARN_64_TO_32_BIT_CONVERSION = YES;
				GCC_WARN_ABOUT_RETURN_TYPE = YES_ERROR;
				GCC_WARN_UNDECLARED_SELECTOR = YES;
				GCC_WARN_UNINITIALIZED_AUTOS = YES_AGGRESSIVE;
				GCC_WARN_UNUSED_FUNCTION = YES;
				GCC_WARN_UNUSED_VARIABLE = YES;
				IPHONEOS_DEPLOYMENT_TARGET = 10.3;
				MTL_ENABLE_DEBUG_INFO = NO;
				SDKROOT = iphoneos;
				SWIFT_OPTIMIZATION_LEVEL = "-Owholemodule";
				VALIDATE_PRODUCT = YES;
			};
			name = Release;
		};
		1B5C6C7F2022783300610B37 /* Debug */ = {
			isa = XCBuildConfiguration;
			baseConfigurationReference = 3DAE9F7633C89403B50F326E /* Pods-Flix.debug.xcconfig */;
			buildSettings = {
				ASSETCATALOG_COMPILER_APPICON_NAME = AppIcon;
				INFOPLIST_FILE = Flix/Info.plist;
				LD_RUNPATH_SEARCH_PATHS = "$(inherited) @executable_path/Frameworks";
				PRODUCT_BUNDLE_IDENTIFIER = edu.csumb.Flix;
				PRODUCT_NAME = "$(TARGET_NAME)";
				SWIFT_VERSION = 3.0;
			};
			name = Debug;
		};
		1B5C6C802022783300610B37 /* Release */ = {
			isa = XCBuildConfiguration;
			baseConfigurationReference = D91AE723B1228F86D857D9B7 /* Pods-Flix.release.xcconfig */;
			buildSettings = {
				ASSETCATALOG_COMPILER_APPICON_NAME = AppIcon;
				INFOPLIST_FILE = Flix/Info.plist;
				LD_RUNPATH_SEARCH_PATHS = "$(inherited) @executable_path/Frameworks";
				PRODUCT_BUNDLE_IDENTIFIER = edu.csumb.Flix;
				PRODUCT_NAME = "$(TARGET_NAME)";
				SWIFT_VERSION = 3.0;
			};
			name = Release;
		};
		1B5C6C822022783300610B37 /* Debug */ = {
			isa = XCBuildConfiguration;
			baseConfigurationReference = B550544927EA734229ADAC6D /* Pods-FlixTests.debug.xcconfig */;
			buildSettings = {
				ALWAYS_EMBED_SWIFT_STANDARD_LIBRARIES = YES;
				BUNDLE_LOADER = "$(TEST_HOST)";
				INFOPLIST_FILE = FlixTests/Info.plist;
				LD_RUNPATH_SEARCH_PATHS = "$(inherited) @executable_path/Frameworks @loader_path/Frameworks";
				PRODUCT_BUNDLE_IDENTIFIER = edu.csumb.FlixTests;
				PRODUCT_NAME = "$(TARGET_NAME)";
				SWIFT_VERSION = 3.0;
				TEST_HOST = "$(BUILT_PRODUCTS_DIR)/Flix.app/Flix";
			};
			name = Debug;
		};
		1B5C6C832022783300610B37 /* Release */ = {
			isa = XCBuildConfiguration;
			baseConfigurationReference = BDBF2BB0E010F509E718BAAB /* Pods-FlixTests.release.xcconfig */;
			buildSettings = {
				ALWAYS_EMBED_SWIFT_STANDARD_LIBRARIES = YES;
				BUNDLE_LOADER = "$(TEST_HOST)";
				INFOPLIST_FILE = FlixTests/Info.plist;
				LD_RUNPATH_SEARCH_PATHS = "$(inherited) @executable_path/Frameworks @loader_path/Frameworks";
				PRODUCT_BUNDLE_IDENTIFIER = edu.csumb.FlixTests;
				PRODUCT_NAME = "$(TARGET_NAME)";
				SWIFT_VERSION = 3.0;
				TEST_HOST = "$(BUILT_PRODUCTS_DIR)/Flix.app/Flix";
			};
			name = Release;
		};
		1B5C6C852022783300610B37 /* Debug */ = {
			isa = XCBuildConfiguration;
			baseConfigurationReference = 05AA856FBE8BBC39ACC287F0 /* Pods-FlixUITests.debug.xcconfig */;
			buildSettings = {
				ALWAYS_EMBED_SWIFT_STANDARD_LIBRARIES = YES;
				INFOPLIST_FILE = FlixUITests/Info.plist;
				LD_RUNPATH_SEARCH_PATHS = "$(inherited) @executable_path/Frameworks @loader_path/Frameworks";
				PRODUCT_BUNDLE_IDENTIFIER = edu.csumb.FlixUITests;
				PRODUCT_NAME = "$(TARGET_NAME)";
				SWIFT_VERSION = 3.0;
				TEST_TARGET_NAME = Flix;
			};
			name = Debug;
		};
		1B5C6C862022783300610B37 /* Release */ = {
			isa = XCBuildConfiguration;
			baseConfigurationReference = 36B8E78BDBD3CFE5CE1B096C /* Pods-FlixUITests.release.xcconfig */;
			buildSettings = {
				ALWAYS_EMBED_SWIFT_STANDARD_LIBRARIES = YES;
				INFOPLIST_FILE = FlixUITests/Info.plist;
				LD_RUNPATH_SEARCH_PATHS = "$(inherited) @executable_path/Frameworks @loader_path/Frameworks";
				PRODUCT_BUNDLE_IDENTIFIER = edu.csumb.FlixUITests;
				PRODUCT_NAME = "$(TARGET_NAME)";
				SWIFT_VERSION = 3.0;
				TEST_TARGET_NAME = Flix;
			};
			name = Release;
		};
/* End XCBuildConfiguration section */

/* Begin XCConfigurationList section */
		1B5C6C512022783300610B37 /* Build configuration list for PBXProject "Flix" */ = {
			isa = XCConfigurationList;
			buildConfigurations = (
				1B5C6C7C2022783300610B37 /* Debug */,
				1B5C6C7D2022783300610B37 /* Release */,
			);
			defaultConfigurationIsVisible = 0;
			defaultConfigurationName = Release;
		};
		1B5C6C7E2022783300610B37 /* Build configuration list for PBXNativeTarget "Flix" */ = {
			isa = XCConfigurationList;
			buildConfigurations = (
				1B5C6C7F2022783300610B37 /* Debug */,
				1B5C6C802022783300610B37 /* Release */,
			);
			defaultConfigurationIsVisible = 0;
			defaultConfigurationName = Release;
		};
		1B5C6C812022783300610B37 /* Build configuration list for PBXNativeTarget "FlixTests" */ = {
			isa = XCConfigurationList;
			buildConfigurations = (
				1B5C6C822022783300610B37 /* Debug */,
				1B5C6C832022783300610B37 /* Release */,
			);
			defaultConfigurationIsVisible = 0;
			defaultConfigurationName = Release;
		};
		1B5C6C842022783300610B37 /* Build configuration list for PBXNativeTarget "FlixUITests" */ = {
			isa = XCConfigurationList;
			buildConfigurations = (
				1B5C6C852022783300610B37 /* Debug */,
				1B5C6C862022783300610B37 /* Release */,
			);
			defaultConfigurationIsVisible = 0;
			defaultConfigurationName = Release;
		};
/* End XCConfigurationList section */
	};
	rootObject = 1B5C6C4E2022783300610B37 /* Project object */;
}
